
Microsoft Visual Studio Solution File, Format Version 12.00
# Visual Studio Version 17
VisualStudioVersion = 17.4.33122.133
MinimumVisualStudioVersion = 10.0.40219.1
Project("{2150E333-8FDC-42A3-9474-1A3956D46DE8}") = "src", "src", "{2FE6F56C-E580-44D6-ADD3-F7756E96457A}"
EndProject
Project("{2150E333-8FDC-42A3-9474-1A3956D46DE8}") = "test", "test", "{A73F53B2-93EC-41BF-AE9C-29D99FDB872C}"
EndProject
Project("{2150E333-8FDC-42A3-9474-1A3956D46DE8}") = "API", "API", "{CD8CDC26-EB08-413F-BB2D-F47FBC1185B7}"
EndProject
Project("{2150E333-8FDC-42A3-9474-1A3956D46DE8}") = "Core", "Core", "{5DD05C82-659B-46AF-964F-DA27233DE583}"
EndProject
Project("{2150E333-8FDC-42A3-9474-1A3956D46DE8}") = "Infrastructure", "Infrastructure", "{7E895C72-0A0B-48B3-A108-3D9258D3937B}"
EndProject
Project("{2150E333-8FDC-42A3-9474-1A3956D46DE8}") = "UI", "UI", "{4E52E6AA-66F5-46AE-8408-C5985FEBF8DF}"
EndProject
Project("{9A19103F-16F7-4668-BE54-9A1E7A4F7556}") = "HR_Management.Application", "HR_Management.Application\HR_Management.Application.csproj", "{791E3165-E7A8-437C-B480-661CF3E72033}"
EndProject
Project("{9A19103F-16F7-4668-BE54-9A1E7A4F7556}") = "HR_Management_Domain", "HR_Management_Domain\HR_Management_Domain.csproj", "{6667A734-B002-4AB3-9880-EF5D873E9047}"
EndProject
Project("{9A19103F-16F7-4668-BE54-9A1E7A4F7556}") = "HR_Management.Infrastructure", "HR_Management.Infrastructure\HR_Management.Infrastructure.csproj", "{F3EBF377-91FA-4F9C-AC0F-219754434209}"
EndProject
Project("{9A19103F-16F7-4668-BE54-9A1E7A4F7556}") = "HR_Management.Persistence", "HR_Management.Persistence\HR_Management.Persistence.csproj", "{E61AAE5F-D163-4A94-8475-5915F5C8F489}"
EndProject
Project("{9A19103F-16F7-4668-BE54-9A1E7A4F7556}") = "HR_Management.Api", "HR_Management.Api\HR_Management.Api.csproj", "{8869C56B-5AA1-46D6-A287-DFC91A0CE6F7}"
EndProject
Project("{9A19103F-16F7-4668-BE54-9A1E7A4F7556}") = "HR_Management.Application.UnitTests", "HR_Management.Application.UnitTests\HR_Management.Application.UnitTests.csproj", "{DB51D313-D041-49A5-A2D0-2EEBE01270C7}"
EndProject
Project("{9A19103F-16F7-4668-BE54-9A1E7A4F7556}") = "HR_Management.MVC", "HR_Management.MVC\HR_Management.MVC.csproj", "{D6510C52-0E4C-4B0B-BE01-679B1DE6D722}"
EndProject
Project("{FAE04EC0-301F-11D3-BF4B-00C04F79EFBC}") = "HR.Management.Identity", "HR.Management.Identity\HR.Management.Identity.csproj", "{595B09B9-8CF0-4BDB-8736-0CDCB2ECD434}"
EndProject
Global
	GlobalSection(SolutionConfigurationPlatforms) = preSolution
		Debug|Any CPU = Debug|Any CPU
		Release|Any CPU = Release|Any CPU
	EndGlobalSection
	GlobalSection(ProjectConfigurationPlatforms) = postSolution
		{791E3165-E7A8-437C-B480-661CF3E72033}.Debug|Any CPU.ActiveCfg = Debug|Any CPU
		{791E3165-E7A8-437C-B480-661CF3E72033}.Debug|Any CPU.Build.0 = Debug|Any CPU
		{791E3165-E7A8-437C-B480-661CF3E72033}.Release|Any CPU.ActiveCfg = Release|Any CPU
		{791E3165-E7A8-437C-B480-661CF3E72033}.Release|Any CPU.Build.0 = Release|Any CPU
		{6667A734-B002-4AB3-9880-EF5D873E9047}.Debug|Any CPU.ActiveCfg = Debug|Any CPU
		{6667A734-B002-4AB3-9880-EF5D873E9047}.Debug|Any CPU.Build.0 = Debug|Any CPU
		{6667A734-B002-4AB3-9880-EF5D873E9047}.Release|Any CPU.ActiveCfg = Release|Any CPU
		{6667A734-B002-4AB3-9880-EF5D873E9047}.Release|Any CPU.Build.0 = Release|Any CPU
		{F3EBF377-91FA-4F9C-AC0F-219754434209}.Debug|Any CPU.ActiveCfg = Debug|Any CPU
		{F3EBF377-91FA-4F9C-AC0F-219754434209}.Debug|Any CPU.Build.0 = Debug|Any CPU
		{F3EBF377-91FA-4F9C-AC0F-219754434209}.Release|Any CPU.ActiveCfg = Release|Any CPU
		{F3EBF377-91FA-4F9C-AC0F-219754434209}.Release|Any CPU.Build.0 = Release|Any CPU
		{E61AAE5F-D163-4A94-8475-5915F5C8F489}.Debug|Any CPU.ActiveCfg = Debug|Any CPU
		{E61AAE5F-D163-4A94-8475-5915F5C8F489}.Debug|Any CPU.Build.0 = Debug|Any CPU
		{E61AAE5F-D163-4A94-8475-5915F5C8F489}.Release|Any CPU.ActiveCfg = Release|Any CPU
		{E61AAE5F-D163-4A94-8475-5915F5C8F489}.Release|Any CPU.Build.0 = Release|Any CPU
		{8869C56B-5AA1-46D6-A287-DFC91A0CE6F7}.Debug|Any CPU.ActiveCfg = Debug|Any CPU
		{8869C56B-5AA1-46D6-A287-DFC91A0CE6F7}.Debug|Any CPU.Build.0 = Debug|Any CPU
		{8869C56B-5AA1-46D6-A287-DFC91A0CE6F7}.Release|Any CPU.ActiveCfg = Release|Any CPU
		{8869C56B-5AA1-46D6-A287-DFC91A0CE6F7}.Release|Any CPU.Build.0 = Release|Any CPU
		{DB51D313-D041-49A5-A2D0-2EEBE01270C7}.Debug|Any CPU.ActiveCfg = Debug|Any CPU
		{DB51D313-D041-49A5-A2D0-2EEBE01270C7}.Debug|Any CPU.Build.0 = Debug|Any CPU
		{DB51D313-D041-49A5-A2D0-2EEBE01270C7}.Release|Any CPU.ActiveCfg = Release|Any CPU
		{DB51D313-D041-49A5-A2D0-2EEBE01270C7}.Release|Any CPU.Build.0 = Release|Any CPU
		{D6510C52-0E4C-4B0B-BE01-679B1DE6D722}.Debug|Any CPU.ActiveCfg = Debug|Any CPU
		{D6510C52-0E4C-4B0B-BE01-679B1DE6D722}.Debug|Any CPU.Build.0 = Debug|Any CPU
		{D6510C52-0E4C-4B0B-BE01-679B1DE6D722}.Release|Any CPU.ActiveCfg = Release|Any CPU
		{D6510C52-0E4C-4B0B-BE01-679B1DE6D722}.Release|Any CPU.Build.0 = Release|Any CPU
		{595B09B9-8CF0-4BDB-8736-0CDCB2ECD434}.Debug|Any CPU.ActiveCfg = Debug|Any CPU
		{595B09B9-8CF0-4BDB-8736-0CDCB2ECD434}.Debug|Any CPU.Build.0 = Debug|Any CPU
		{595B09B9-8CF0-4BDB-8736-0CDCB2ECD434}.Release|Any CPU.ActiveCfg = Release|Any CPU
		{595B09B9-8CF0-4BDB-8736-0CDCB2ECD434}.Release|Any CPU.Build.0 = Release|Any CPU
	EndGlobalSection
	GlobalSection(SolutionProperties) = preSolution
		HideSolutionNode = FALSE
	EndGlobalSection
	GlobalSection(NestedProjects) = preSolution
		{CD8CDC26-EB08-413F-BB2D-F47FBC1185B7} = {2FE6F56C-E580-44D6-ADD3-F7756E96457A}
		{5DD05C82-659B-46AF-964F-DA27233DE583} = {2FE6F56C-E580-44D6-ADD3-F7756E96457A}
		{7E895C72-0A0B-48B3-A108-3D9258D3937B} = {2FE6F56C-E580-44D6-ADD3-F7756E96457A}
		{4E52E6AA-66F5-46AE-8408-C5985FEBF8DF} = {2FE6F56C-E580-44D6-ADD3-F7756E96457A}
		{791E3165-E7A8-437C-B480-661CF3E72033} = {5DD05C82-659B-46AF-964F-DA27233DE583}
		{6667A734-B002-4AB3-9880-EF5D873E9047} = {5DD05C82-659B-46AF-964F-DA27233DE583}
		{F3EBF377-91FA-4F9C-AC0F-219754434209} = {7E895C72-0A0B-48B3-A108-3D9258D3937B}
		{E61AAE5F-D163-4A94-8475-5915F5C8F489} = {7E895C72-0A0B-48B3-A108-3D9258D3937B}
		{8869C56B-5AA1-46D6-A287-DFC91A0CE6F7} = {CD8CDC26-EB08-413F-BB2D-F47FBC1185B7}
		{DB51D313-D041-49A5-A2D0-2EEBE01270C7} = {A73F53B2-93EC-41BF-AE9C-29D99FDB872C}
		{D6510C52-0E4C-4B0B-BE01-679B1DE6D722} = {4E52E6AA-66F5-46AE-8408-C5985FEBF8DF}
		{595B09B9-8CF0-4BDB-8736-0CDCB2ECD434} = {7E895C72-0A0B-48B3-A108-3D9258D3937B}
	EndGlobalSection
	GlobalSection(ExtensibilityGlobals) = postSolution
		SolutionGuid = {57767E1A-AB83-4DE1-A69F-12ED49A5A23B}
	EndGlobalSection
EndGlobal
